
Microsoft Visual Studio Solution File, Format Version 12.00
# Visual Studio Version 17
VisualStudioVersion = 17.8.34322.80
MinimumVisualStudioVersion = 10.0.40219.1
Project("{FAE04EC0-301F-11D3-BF4B-00C04F79EFBC}") = "7.Area Of A Rectangle 2", "7.Area Of A Rectangle 2.csproj", "{0007B3CF-F1C9-448E-B39E-59178970181C}"
EndProject
Global
	GlobalSection(SolutionConfigurationPlatforms) = preSolution
		Debug|Any CPU = Debug|Any CPU
		Release|Any CPU = Release|Any CPU
	EndGlobalSection
	GlobalSection(ProjectConfigurationPlatforms) = postSolution
		{0007B3CF-F1C9-448E-B39E-59178970181C}.Debug|Any CPU.ActiveCfg = Debug|Any CPU
		{0007B3CF-F1C9-448E-B39E-59178970181C}.Debug|Any CPU.Build.0 = Debug|Any CPU
		{0007B3CF-F1C9-448E-B39E-59178970181C}.Release|Any CPU.ActiveCfg = Release|Any CPU
		{0007B3CF-F1C9-448E-B39E-59178970181C}.Release|Any CPU.Build.0 = Release|Any CPU
	EndGlobalSection
	GlobalSection(SolutionProperties) = preSolution
		HideSolutionNode = FALSE
	EndGlobalSection
	GlobalSection(ExtensibilityGlobals) = postSolution
		SolutionGuid = {9ADF946D-74EA-4818-B9F4-69B0D575CB6E}
	EndGlobalSection
EndGlobal
